
Microsoft Visual Studio Solution File, Format Version 12.00
# Visual Studio 15
Project("{FAE04EC0-301F-11D3-BF4B-00C04F79EFBC}") = "Assembly-CSharp", "Assembly-CSharp.csproj", "{45AA0F4C-D391-E7A4-B071-0FEDFE38A7FE}"
EndProject
Project("{FAE04EC0-301F-11D3-BF4B-00C04F79EFBC}") = "Assembly-CSharp-Editor", "Assembly-CSharp-Editor.csproj", "{B6C1A8C7-BC95-AC46-163D-FD5664492642}"
EndProject
Global
	GlobalSection(SolutionConfigurationPlatforms) = preSolution
		Debug|Any CPU = Debug|Any CPU
		Release|Any CPU = Release|Any CPU
	EndGlobalSection
	GlobalSection(ProjectConfigurationPlatforms) = postSolution
		{45AA0F4C-D391-E7A4-B071-0FEDFE38A7FE}.Debug|Any CPU.ActiveCfg = Debug|Any CPU
		{45AA0F4C-D391-E7A4-B071-0FEDFE38A7FE}.Debug|Any CPU.Build.0 = Debug|Any CPU
		{45AA0F4C-D391-E7A4-B071-0FEDFE38A7FE}.Release|Any CPU.ActiveCfg = Release|Any CPU
		{45AA0F4C-D391-E7A4-B071-0FEDFE38A7FE}.Release|Any CPU.Build.0 = Release|Any CPU
		{B6C1A8C7-BC95-AC46-163D-FD5664492642}.Debug|Any CPU.ActiveCfg = Debug|Any CPU
		{B6C1A8C7-BC95-AC46-163D-FD5664492642}.Debug|Any CPU.Build.0 = Debug|Any CPU
		{B6C1A8C7-BC95-AC46-163D-FD5664492642}.Release|Any CPU.ActiveCfg = Release|Any CPU
		{B6C1A8C7-BC95-AC46-163D-FD5664492642}.Release|Any CPU.Build.0 = Release|Any CPU
	EndGlobalSection
	GlobalSection(SolutionProperties) = preSolution
		HideSolutionNode = FALSE
	EndGlobalSection
EndGlobal
